
Microsoft Visual Studio Solution File, Format Version 10.00
# Visual C# Express 2008
Project("{FAE04EC0-301F-11D3-BF4B-00C04F79EFBC}") = "calculator", "calculator\calculator.csproj", "{16430F5A-11CC-4214-B8D5-D36BD8BE41CE}"
EndProject
Global
	GlobalSection(SolutionConfigurationPlatforms) = preSolution
		Debug|Any CPU = Debug|Any CPU
		Release|Any CPU = Release|Any CPU
	EndGlobalSection
	GlobalSection(ProjectConfigurationPlatforms) = postSolution
		{16430F5A-11CC-4214-B8D5-D36BD8BE41CE}.Debug|Any CPU.ActiveCfg = Debug|Any CPU
		{16430F5A-11CC-4214-B8D5-D36BD8BE41CE}.Debug|Any CPU.Build.0 = Debug|Any CPU
		{16430F5A-11CC-4214-B8D5-D36BD8BE41CE}.Release|Any CPU.ActiveCfg = Release|Any CPU
		{16430F5A-11CC-4214-B8D5-D36BD8BE41CE}.Release|Any CPU.Build.0 = Release|Any CPU
	EndGlobalSection
	GlobalSection(SolutionProperties) = preSolution
		HideSolutionNode = FALSE
	EndGlobalSection
EndGlobal
